# This file is autogenerated, do not edit; changes may be undone by the next 'dep ensure'.


[[projects]]
  name = "github.com/mokiat/gostub"
  packages = ["generator","resolution","util"]
  revision = "00cefc5c14c4fd4fcc0528809ae7ce30679557b3"
  version = "v1.3.0"

[[projects]]
  branch = "master"
  name = "golang.org/x/tools"
  packages = ["go/ast/astutil","imports","internal/fastwalk"]
  revision = "4432cd1c27c82c87fe2507a05a1a940f794b617f"

[solve-meta]
  analyzer-name = "dep"
  analyzer-version = 1
  inputs-digest = "6328c3d964d69e9e675890a185d969d09988698875d418409748ce6ef941a9c9"
  solver-name = "gps-cdcl"
  solver-version = 1
